
Microsoft Visual Studio Solution File, Format Version 12.00
# Visual Studio Version 17
VisualStudioVersion = 17.9.34622.214
MinimumVisualStudioVersion = 10.0.40219.1
Project("{FAE04EC0-301F-11D3-BF4B-00C04F79EFBC}") = "Module_5", "Module_5\Module_5.csproj", "{B2A07831-5995-40DC-B7DD-44234AA56B77}"
EndProject
Global
	GlobalSection(SolutionConfigurationPlatforms) = preSolution
		Debug|Any CPU = Debug|Any CPU
		Release|Any CPU = Release|Any CPU
	EndGlobalSection
	GlobalSection(ProjectConfigurationPlatforms) = postSolution
		{B2A07831-5995-40DC-B7DD-44234AA56B77}.Debug|Any CPU.ActiveCfg = Debug|Any CPU
		{B2A07831-5995-40DC-B7DD-44234AA56B77}.Debug|Any CPU.Build.0 = Debug|Any CPU
		{B2A07831-5995-40DC-B7DD-44234AA56B77}.Release|Any CPU.ActiveCfg = Release|Any CPU
		{B2A07831-5995-40DC-B7DD-44234AA56B77}.Release|Any CPU.Build.0 = Release|Any CPU
	EndGlobalSection
	GlobalSection(SolutionProperties) = preSolution
		HideSolutionNode = FALSE
	EndGlobalSection
	GlobalSection(ExtensibilityGlobals) = postSolution
		SolutionGuid = {42A85C32-9838-481E-9494-5189BDD6E429}
	EndGlobalSection
EndGlobal
